
Microsoft Visual Studio Solution File, Format Version 12.00
# Visual Studio Version 16
VisualStudioVersion = 16.0.29025.244
MinimumVisualStudioVersion = 10.0.40219.1
Project("{FAE04EC0-301F-11D3-BF4B-00C04F79EFBC}") = "URI_Iniciante_1036_FormulaDeBhaskara", "URI_Iniciante_1036_FormulaDeBhaskara\URI_Iniciante_1036_FormulaDeBhaskara.csproj", "{2774E854-0C78-4D1A-8FAB-85FCCA60D0F9}"
EndProject
Global
	GlobalSection(SolutionConfigurationPlatforms) = preSolution
		Debug|Any CPU = Debug|Any CPU
		Release|Any CPU = Release|Any CPU
	EndGlobalSection
	GlobalSection(ProjectConfigurationPlatforms) = postSolution
		{2774E854-0C78-4D1A-8FAB-85FCCA60D0F9}.Debug|Any CPU.ActiveCfg = Debug|Any CPU
		{2774E854-0C78-4D1A-8FAB-85FCCA60D0F9}.Debug|Any CPU.Build.0 = Debug|Any CPU
		{2774E854-0C78-4D1A-8FAB-85FCCA60D0F9}.Release|Any CPU.ActiveCfg = Release|Any CPU
		{2774E854-0C78-4D1A-8FAB-85FCCA60D0F9}.Release|Any CPU.Build.0 = Release|Any CPU
	EndGlobalSection
	GlobalSection(SolutionProperties) = preSolution
		HideSolutionNode = FALSE
	EndGlobalSection
	GlobalSection(ExtensibilityGlobals) = postSolution
		SolutionGuid = {BF3D9FC0-614A-4909-AFD0-CAECE8D3909B}
	EndGlobalSection
EndGlobal
