
Microsoft Visual Studio Solution File, Format Version 12.00
# Visual Studio Version 16
VisualStudioVersion = 16.0.29215.179
MinimumVisualStudioVersion = 10.0.40219.1
Project("{FAE04EC0-301F-11D3-BF4B-00C04F79EFBC}") = "URI_Iniciante_1159_SomaDeParesConsecutivos", "URI_Iniciante_1159_SomaDeParesConsecutivos\URI_Iniciante_1159_SomaDeParesConsecutivos.csproj", "{C59847CE-1574-4787-81EF-BDCF72454BFD}"
EndProject
Global
	GlobalSection(SolutionConfigurationPlatforms) = preSolution
		Debug|Any CPU = Debug|Any CPU
		Release|Any CPU = Release|Any CPU
	EndGlobalSection
	GlobalSection(ProjectConfigurationPlatforms) = postSolution
		{C59847CE-1574-4787-81EF-BDCF72454BFD}.Debug|Any CPU.ActiveCfg = Debug|Any CPU
		{C59847CE-1574-4787-81EF-BDCF72454BFD}.Debug|Any CPU.Build.0 = Debug|Any CPU
		{C59847CE-1574-4787-81EF-BDCF72454BFD}.Release|Any CPU.ActiveCfg = Release|Any CPU
		{C59847CE-1574-4787-81EF-BDCF72454BFD}.Release|Any CPU.Build.0 = Release|Any CPU
	EndGlobalSection
	GlobalSection(SolutionProperties) = preSolution
		HideSolutionNode = FALSE
	EndGlobalSection
	GlobalSection(ExtensibilityGlobals) = postSolution
		SolutionGuid = {C1AA2193-EB01-45BF-9062-8A9582A4299B}
	EndGlobalSection
EndGlobal
