
Microsoft Visual Studio Solution File, Format Version 12.00
# Visual Studio Version 16
VisualStudioVersion = 16.0.29020.237
MinimumVisualStudioVersion = 10.0.40219.1
Project("{FAE04EC0-301F-11D3-BF4B-00C04F79EFBC}") = "0034_IntervaloNumerosImpar", "0034_IntervaloNumerosImpar\0034_IntervaloNumerosImpar.csproj", "{CEFBD18D-D82C-4CC9-967B-094D466228D9}"
EndProject
Global
	GlobalSection(SolutionConfigurationPlatforms) = preSolution
		Debug|Any CPU = Debug|Any CPU
		Release|Any CPU = Release|Any CPU
	EndGlobalSection
	GlobalSection(ProjectConfigurationPlatforms) = postSolution
		{CEFBD18D-D82C-4CC9-967B-094D466228D9}.Debug|Any CPU.ActiveCfg = Debug|Any CPU
		{CEFBD18D-D82C-4CC9-967B-094D466228D9}.Debug|Any CPU.Build.0 = Debug|Any CPU
		{CEFBD18D-D82C-4CC9-967B-094D466228D9}.Release|Any CPU.ActiveCfg = Release|Any CPU
		{CEFBD18D-D82C-4CC9-967B-094D466228D9}.Release|Any CPU.Build.0 = Release|Any CPU
	EndGlobalSection
	GlobalSection(SolutionProperties) = preSolution
		HideSolutionNode = FALSE
	EndGlobalSection
	GlobalSection(ExtensibilityGlobals) = postSolution
		SolutionGuid = {CC486820-7D1E-4EA3-B4E5-10FE30B808C6}
	EndGlobalSection
EndGlobal
