
Microsoft Visual Studio Solution File, Format Version 12.00
# Visual Studio Version 16
VisualStudioVersion = 16.0.29102.190
MinimumVisualStudioVersion = 10.0.40219.1
Project("{FAE04EC0-301F-11D3-BF4B-00C04F79EFBC}") = "URI_Iniciante_1067_NumerosImpares", "URI_Iniciante_1067_NumerosImpares\URI_Iniciante_1067_NumerosImpares.csproj", "{1A1DD9F6-6F88-407F-AC9C-8834F3087621}"
EndProject
Global
	GlobalSection(SolutionConfigurationPlatforms) = preSolution
		Debug|Any CPU = Debug|Any CPU
		Release|Any CPU = Release|Any CPU
	EndGlobalSection
	GlobalSection(ProjectConfigurationPlatforms) = postSolution
		{1A1DD9F6-6F88-407F-AC9C-8834F3087621}.Debug|Any CPU.ActiveCfg = Debug|Any CPU
		{1A1DD9F6-6F88-407F-AC9C-8834F3087621}.Debug|Any CPU.Build.0 = Debug|Any CPU
		{1A1DD9F6-6F88-407F-AC9C-8834F3087621}.Release|Any CPU.ActiveCfg = Release|Any CPU
		{1A1DD9F6-6F88-407F-AC9C-8834F3087621}.Release|Any CPU.Build.0 = Release|Any CPU
	EndGlobalSection
	GlobalSection(SolutionProperties) = preSolution
		HideSolutionNode = FALSE
	EndGlobalSection
	GlobalSection(ExtensibilityGlobals) = postSolution
		SolutionGuid = {10ED8AC7-8477-42AE-90B9-3E723FD0E22B}
	EndGlobalSection
EndGlobal
