
Microsoft Visual Studio Solution File, Format Version 12.00
# Visual Studio Version 16
VisualStudioVersion = 16.0.29102.190
MinimumVisualStudioVersion = 10.0.40219.1
Project("{FAE04EC0-301F-11D3-BF4B-00C04F79EFBC}") = "0051_ConstrutoresProdutoEstoque", "0051_ConstrutoresProdutoEstoque\0051_ConstrutoresProdutoEstoque.csproj", "{3ED6936F-A7FE-41BE-9733-DFD32951B247}"
EndProject
Global
	GlobalSection(SolutionConfigurationPlatforms) = preSolution
		Debug|Any CPU = Debug|Any CPU
		Release|Any CPU = Release|Any CPU
	EndGlobalSection
	GlobalSection(ProjectConfigurationPlatforms) = postSolution
		{3ED6936F-A7FE-41BE-9733-DFD32951B247}.Debug|Any CPU.ActiveCfg = Debug|Any CPU
		{3ED6936F-A7FE-41BE-9733-DFD32951B247}.Debug|Any CPU.Build.0 = Debug|Any CPU
		{3ED6936F-A7FE-41BE-9733-DFD32951B247}.Release|Any CPU.ActiveCfg = Release|Any CPU
		{3ED6936F-A7FE-41BE-9733-DFD32951B247}.Release|Any CPU.Build.0 = Release|Any CPU
	EndGlobalSection
	GlobalSection(SolutionProperties) = preSolution
		HideSolutionNode = FALSE
	EndGlobalSection
	GlobalSection(ExtensibilityGlobals) = postSolution
		SolutionGuid = {62FCB559-E751-4F24-9A8E-A5023370726A}
	EndGlobalSection
EndGlobal
