
Microsoft Visual Studio Solution File, Format Version 12.00
# Visual Studio Version 16
VisualStudioVersion = 16.0.29215.179
MinimumVisualStudioVersion = 10.0.40219.1
Project("{FAE04EC0-301F-11D3-BF4B-00C04F79EFBC}") = "0070_SetsTotalStudents", "0070_SetsTotalStudents\0070_SetsTotalStudents.csproj", "{51B5D229-973D-48B3-8938-73DFECB11A3E}"
EndProject
Global
	GlobalSection(SolutionConfigurationPlatforms) = preSolution
		Debug|Any CPU = Debug|Any CPU
		Release|Any CPU = Release|Any CPU
	EndGlobalSection
	GlobalSection(ProjectConfigurationPlatforms) = postSolution
		{51B5D229-973D-48B3-8938-73DFECB11A3E}.Debug|Any CPU.ActiveCfg = Debug|Any CPU
		{51B5D229-973D-48B3-8938-73DFECB11A3E}.Debug|Any CPU.Build.0 = Debug|Any CPU
		{51B5D229-973D-48B3-8938-73DFECB11A3E}.Release|Any CPU.ActiveCfg = Release|Any CPU
		{51B5D229-973D-48B3-8938-73DFECB11A3E}.Release|Any CPU.Build.0 = Release|Any CPU
	EndGlobalSection
	GlobalSection(SolutionProperties) = preSolution
		HideSolutionNode = FALSE
	EndGlobalSection
	GlobalSection(ExtensibilityGlobals) = postSolution
		SolutionGuid = {8F90A3EF-CEF7-4556-98F6-373C918AFC2E}
	EndGlobalSection
EndGlobal
