
Microsoft Visual Studio Solution File, Format Version 12.00
# Visual Studio Version 16
VisualStudioVersion = 16.0.29025.244
MinimumVisualStudioVersion = 10.0.40219.1
Project("{FAE04EC0-301F-11D3-BF4B-00C04F79EFBC}") = "0049_CircuferenciaEsfera", "0049_CircuferenciaEsfera\0049_CircuferenciaEsfera.csproj", "{EBB4541A-B2A1-46D0-B4A1-0F443FFB8ED3}"
EndProject
Global
	GlobalSection(SolutionConfigurationPlatforms) = preSolution
		Debug|Any CPU = Debug|Any CPU
		Release|Any CPU = Release|Any CPU
	EndGlobalSection
	GlobalSection(ProjectConfigurationPlatforms) = postSolution
		{EBB4541A-B2A1-46D0-B4A1-0F443FFB8ED3}.Debug|Any CPU.ActiveCfg = Debug|Any CPU
		{EBB4541A-B2A1-46D0-B4A1-0F443FFB8ED3}.Debug|Any CPU.Build.0 = Debug|Any CPU
		{EBB4541A-B2A1-46D0-B4A1-0F443FFB8ED3}.Release|Any CPU.ActiveCfg = Release|Any CPU
		{EBB4541A-B2A1-46D0-B4A1-0F443FFB8ED3}.Release|Any CPU.Build.0 = Release|Any CPU
	EndGlobalSection
	GlobalSection(SolutionProperties) = preSolution
		HideSolutionNode = FALSE
	EndGlobalSection
	GlobalSection(ExtensibilityGlobals) = postSolution
		SolutionGuid = {284E7476-701D-4132-9BA6-78C71A0A5052}
	EndGlobalSection
EndGlobal
