
Microsoft Visual Studio Solution File, Format Version 12.00
# Visual Studio Version 16
VisualStudioVersion = 16.0.29025.244
MinimumVisualStudioVersion = 10.0.40219.1
Project("{FAE04EC0-301F-11D3-BF4B-00C04F79EFBC}") = "URI_Iniciante_1010_CalculoSimples", "URI_Iniciante_1010_CalculoSimples\URI_Iniciante_1010_CalculoSimples.csproj", "{D6B2EEC9-A870-466E-8CE0-1B36E1C7D36E}"
EndProject
Global
	GlobalSection(SolutionConfigurationPlatforms) = preSolution
		Debug|Any CPU = Debug|Any CPU
		Release|Any CPU = Release|Any CPU
	EndGlobalSection
	GlobalSection(ProjectConfigurationPlatforms) = postSolution
		{D6B2EEC9-A870-466E-8CE0-1B36E1C7D36E}.Debug|Any CPU.ActiveCfg = Debug|Any CPU
		{D6B2EEC9-A870-466E-8CE0-1B36E1C7D36E}.Debug|Any CPU.Build.0 = Debug|Any CPU
		{D6B2EEC9-A870-466E-8CE0-1B36E1C7D36E}.Release|Any CPU.ActiveCfg = Release|Any CPU
		{D6B2EEC9-A870-466E-8CE0-1B36E1C7D36E}.Release|Any CPU.Build.0 = Release|Any CPU
	EndGlobalSection
	GlobalSection(SolutionProperties) = preSolution
		HideSolutionNode = FALSE
	EndGlobalSection
	GlobalSection(ExtensibilityGlobals) = postSolution
		SolutionGuid = {76E8804C-DCB0-411F-B375-F9B15F7D6C5E}
	EndGlobalSection
EndGlobal
