
Microsoft Visual Studio Solution File, Format Version 12.00
# Visual Studio Version 16
VisualStudioVersion = 16.0.29102.190
MinimumVisualStudioVersion = 10.0.40219.1
Project("{FAE04EC0-301F-11D3-BF4B-00C04F79EFBC}") = "URI_Iniciante_1172_SubstituicaoEmVetor1", "URI_Iniciante_1172_SubstituicaoEmVetor1\URI_Iniciante_1172_SubstituicaoEmVetor1.csproj", "{68012BDA-0846-4540-9191-35AC891EFA12}"
EndProject
Global
	GlobalSection(SolutionConfigurationPlatforms) = preSolution
		Debug|Any CPU = Debug|Any CPU
		Release|Any CPU = Release|Any CPU
	EndGlobalSection
	GlobalSection(ProjectConfigurationPlatforms) = postSolution
		{68012BDA-0846-4540-9191-35AC891EFA12}.Debug|Any CPU.ActiveCfg = Debug|Any CPU
		{68012BDA-0846-4540-9191-35AC891EFA12}.Debug|Any CPU.Build.0 = Debug|Any CPU
		{68012BDA-0846-4540-9191-35AC891EFA12}.Release|Any CPU.ActiveCfg = Release|Any CPU
		{68012BDA-0846-4540-9191-35AC891EFA12}.Release|Any CPU.Build.0 = Release|Any CPU
	EndGlobalSection
	GlobalSection(SolutionProperties) = preSolution
		HideSolutionNode = FALSE
	EndGlobalSection
	GlobalSection(ExtensibilityGlobals) = postSolution
		SolutionGuid = {4D11AFB0-83BF-47A2-AF4F-3391368AF13F}
	EndGlobalSection
EndGlobal
