
Microsoft Visual Studio Solution File, Format Version 12.00
# Visual Studio Version 16
VisualStudioVersion = 16.0.29102.190
MinimumVisualStudioVersion = 10.0.40219.1
Project("{FAE04EC0-301F-11D3-BF4B-00C04F79EFBC}") = "URI_Iniciante_1046_TempoDeJogo", "URI_Iniciante_1046_TempoDeJogo\URI_Iniciante_1046_TempoDeJogo.csproj", "{EE81F66A-E24C-411A-A758-3E5CC5C2F862}"
EndProject
Global
	GlobalSection(SolutionConfigurationPlatforms) = preSolution
		Debug|Any CPU = Debug|Any CPU
		Release|Any CPU = Release|Any CPU
	EndGlobalSection
	GlobalSection(ProjectConfigurationPlatforms) = postSolution
		{EE81F66A-E24C-411A-A758-3E5CC5C2F862}.Debug|Any CPU.ActiveCfg = Debug|Any CPU
		{EE81F66A-E24C-411A-A758-3E5CC5C2F862}.Debug|Any CPU.Build.0 = Debug|Any CPU
		{EE81F66A-E24C-411A-A758-3E5CC5C2F862}.Release|Any CPU.ActiveCfg = Release|Any CPU
		{EE81F66A-E24C-411A-A758-3E5CC5C2F862}.Release|Any CPU.Build.0 = Release|Any CPU
	EndGlobalSection
	GlobalSection(SolutionProperties) = preSolution
		HideSolutionNode = FALSE
	EndGlobalSection
	GlobalSection(ExtensibilityGlobals) = postSolution
		SolutionGuid = {EF80AC5D-F29D-42E2-93B1-393B84E01DFC}
	EndGlobalSection
EndGlobal
