
Microsoft Visual Studio Solution File, Format Version 12.00
# Visual Studio Version 16
VisualStudioVersion = 16.0.29025.244
MinimumVisualStudioVersion = 10.0.40219.1
Project("{FAE04EC0-301F-11D3-BF4B-00C04F79EFBC}") = "URI_Iniciante_1017_GastoDeCombustivel", "URI_Iniciante_1017_GastoDeCombustivel\URI_Iniciante_1017_GastoDeCombustivel.csproj", "{567C0E17-696D-4D7E-92BE-9B1750F07ACE}"
EndProject
Global
	GlobalSection(SolutionConfigurationPlatforms) = preSolution
		Debug|Any CPU = Debug|Any CPU
		Release|Any CPU = Release|Any CPU
	EndGlobalSection
	GlobalSection(ProjectConfigurationPlatforms) = postSolution
		{567C0E17-696D-4D7E-92BE-9B1750F07ACE}.Debug|Any CPU.ActiveCfg = Debug|Any CPU
		{567C0E17-696D-4D7E-92BE-9B1750F07ACE}.Debug|Any CPU.Build.0 = Debug|Any CPU
		{567C0E17-696D-4D7E-92BE-9B1750F07ACE}.Release|Any CPU.ActiveCfg = Release|Any CPU
		{567C0E17-696D-4D7E-92BE-9B1750F07ACE}.Release|Any CPU.Build.0 = Release|Any CPU
	EndGlobalSection
	GlobalSection(SolutionProperties) = preSolution
		HideSolutionNode = FALSE
	EndGlobalSection
	GlobalSection(ExtensibilityGlobals) = postSolution
		SolutionGuid = {FB85A3DF-CCBA-4755-937B-5C398BCD6198}
	EndGlobalSection
EndGlobal
