
Microsoft Visual Studio Solution File, Format Version 12.00
# Visual Studio Version 16
VisualStudioVersion = 16.0.29020.237
MinimumVisualStudioVersion = 10.0.40219.1
Project("{FAE04EC0-301F-11D3-BF4B-00C04F79EFBC}") = "0027_MenuTotalPrecos", "0027_MenuTotalPrecos\0027_MenuTotalPrecos.csproj", "{1D73FFB9-BFC5-4B7A-BA7C-6EB2AF99A48C}"
EndProject
Global
	GlobalSection(SolutionConfigurationPlatforms) = preSolution
		Debug|Any CPU = Debug|Any CPU
		Release|Any CPU = Release|Any CPU
	EndGlobalSection
	GlobalSection(ProjectConfigurationPlatforms) = postSolution
		{1D73FFB9-BFC5-4B7A-BA7C-6EB2AF99A48C}.Debug|Any CPU.ActiveCfg = Debug|Any CPU
		{1D73FFB9-BFC5-4B7A-BA7C-6EB2AF99A48C}.Debug|Any CPU.Build.0 = Debug|Any CPU
		{1D73FFB9-BFC5-4B7A-BA7C-6EB2AF99A48C}.Release|Any CPU.ActiveCfg = Release|Any CPU
		{1D73FFB9-BFC5-4B7A-BA7C-6EB2AF99A48C}.Release|Any CPU.Build.0 = Release|Any CPU
	EndGlobalSection
	GlobalSection(SolutionProperties) = preSolution
		HideSolutionNode = FALSE
	EndGlobalSection
	GlobalSection(ExtensibilityGlobals) = postSolution
		SolutionGuid = {E7221780-2B4A-4298-BD53-BD61AB55E5C9}
	EndGlobalSection
EndGlobal
