
Microsoft Visual Studio Solution File, Format Version 12.00
# Visual Studio Version 16
VisualStudioVersion = 16.0.29025.244
MinimumVisualStudioVersion = 10.0.40219.1
Project("{FAE04EC0-301F-11D3-BF4B-00C04F79EFBC}") = "URI_Iniciante_1050_DDD", "URI_Iniciante_1050_DDD\URI_Iniciante_1050_DDD.csproj", "{727ACCAF-A93D-47B2-83A1-95B0A5389B50}"
EndProject
Global
	GlobalSection(SolutionConfigurationPlatforms) = preSolution
		Debug|Any CPU = Debug|Any CPU
		Release|Any CPU = Release|Any CPU
	EndGlobalSection
	GlobalSection(ProjectConfigurationPlatforms) = postSolution
		{727ACCAF-A93D-47B2-83A1-95B0A5389B50}.Debug|Any CPU.ActiveCfg = Debug|Any CPU
		{727ACCAF-A93D-47B2-83A1-95B0A5389B50}.Debug|Any CPU.Build.0 = Debug|Any CPU
		{727ACCAF-A93D-47B2-83A1-95B0A5389B50}.Release|Any CPU.ActiveCfg = Release|Any CPU
		{727ACCAF-A93D-47B2-83A1-95B0A5389B50}.Release|Any CPU.Build.0 = Release|Any CPU
	EndGlobalSection
	GlobalSection(SolutionProperties) = preSolution
		HideSolutionNode = FALSE
	EndGlobalSection
	GlobalSection(ExtensibilityGlobals) = postSolution
		SolutionGuid = {3993B99B-4C4B-4CAD-BA93-BA467D189389}
	EndGlobalSection
EndGlobal
