
Microsoft Visual Studio Solution File, Format Version 12.00
# Visual Studio Version 16
VisualStudioVersion = 16.0.29102.190
MinimumVisualStudioVersion = 10.0.40219.1
Project("{FAE04EC0-301F-11D3-BF4B-00C04F79EFBC}") = "URI_Iniciante_1065_ParesEntreCincoNumeros", "URI_Iniciante_1065_ParesEntreCincoNumeros\URI_Iniciante_1065_ParesEntreCincoNumeros.csproj", "{D0616ED3-A72B-46FB-BF69-F605C7EC59F1}"
EndProject
Global
	GlobalSection(SolutionConfigurationPlatforms) = preSolution
		Debug|Any CPU = Debug|Any CPU
		Release|Any CPU = Release|Any CPU
	EndGlobalSection
	GlobalSection(ProjectConfigurationPlatforms) = postSolution
		{D0616ED3-A72B-46FB-BF69-F605C7EC59F1}.Debug|Any CPU.ActiveCfg = Debug|Any CPU
		{D0616ED3-A72B-46FB-BF69-F605C7EC59F1}.Debug|Any CPU.Build.0 = Debug|Any CPU
		{D0616ED3-A72B-46FB-BF69-F605C7EC59F1}.Release|Any CPU.ActiveCfg = Release|Any CPU
		{D0616ED3-A72B-46FB-BF69-F605C7EC59F1}.Release|Any CPU.Build.0 = Release|Any CPU
	EndGlobalSection
	GlobalSection(SolutionProperties) = preSolution
		HideSolutionNode = FALSE
	EndGlobalSection
	GlobalSection(ExtensibilityGlobals) = postSolution
		SolutionGuid = {48140837-8997-4B5A-8676-F774205165D4}
	EndGlobalSection
EndGlobal
