
Microsoft Visual Studio Solution File, Format Version 12.00
# Visual Studio Version 16
VisualStudioVersion = 16.0.29102.190
MinimumVisualStudioVersion = 10.0.40219.1
Project("{FAE04EC0-301F-11D3-BF4B-00C04F79EFBC}") = "0063_Sets", "0063_Sets\0063_Sets.csproj", "{59888923-F7FB-4DAB-90AB-72217E0CA7E7}"
EndProject
Global
	GlobalSection(SolutionConfigurationPlatforms) = preSolution
		Debug|Any CPU = Debug|Any CPU
		Release|Any CPU = Release|Any CPU
	EndGlobalSection
	GlobalSection(ProjectConfigurationPlatforms) = postSolution
		{59888923-F7FB-4DAB-90AB-72217E0CA7E7}.Debug|Any CPU.ActiveCfg = Debug|Any CPU
		{59888923-F7FB-4DAB-90AB-72217E0CA7E7}.Debug|Any CPU.Build.0 = Debug|Any CPU
		{59888923-F7FB-4DAB-90AB-72217E0CA7E7}.Release|Any CPU.ActiveCfg = Release|Any CPU
		{59888923-F7FB-4DAB-90AB-72217E0CA7E7}.Release|Any CPU.Build.0 = Release|Any CPU
	EndGlobalSection
	GlobalSection(SolutionProperties) = preSolution
		HideSolutionNode = FALSE
	EndGlobalSection
	GlobalSection(ExtensibilityGlobals) = postSolution
		SolutionGuid = {D65E1F69-3FBC-44E7-A993-9A7B334FB4E6}
	EndGlobalSection
EndGlobal
