
Microsoft Visual Studio Solution File, Format Version 12.00
# Visual Studio Version 16
VisualStudioVersion = 16.0.29020.237
MinimumVisualStudioVersion = 10.0.40219.1
Project("{FAE04EC0-301F-11D3-BF4B-00C04F79EFBC}") = "URI_Iniciante_1002_AreaCirculo", "URI_Iniciante_1002_AreaCirculo\URI_Iniciante_1002_AreaCirculo.csproj", "{B26DA863-12D0-49D2-AEA1-7660AD75D8FF}"
EndProject
Global
	GlobalSection(SolutionConfigurationPlatforms) = preSolution
		Debug|Any CPU = Debug|Any CPU
		Release|Any CPU = Release|Any CPU
	EndGlobalSection
	GlobalSection(ProjectConfigurationPlatforms) = postSolution
		{B26DA863-12D0-49D2-AEA1-7660AD75D8FF}.Debug|Any CPU.ActiveCfg = Debug|Any CPU
		{B26DA863-12D0-49D2-AEA1-7660AD75D8FF}.Debug|Any CPU.Build.0 = Debug|Any CPU
		{B26DA863-12D0-49D2-AEA1-7660AD75D8FF}.Release|Any CPU.ActiveCfg = Release|Any CPU
		{B26DA863-12D0-49D2-AEA1-7660AD75D8FF}.Release|Any CPU.Build.0 = Release|Any CPU
	EndGlobalSection
	GlobalSection(SolutionProperties) = preSolution
		HideSolutionNode = FALSE
	EndGlobalSection
	GlobalSection(ExtensibilityGlobals) = postSolution
		SolutionGuid = {12AE929E-DD28-4E8E-8528-ED13914380A5}
	EndGlobalSection
EndGlobal
