
Microsoft Visual Studio Solution File, Format Version 12.00
# Visual Studio Version 16
VisualStudioVersion = 16.0.29009.5
MinimumVisualStudioVersion = 10.0.40219.1
Project("{FAE04EC0-301F-11D3-BF4B-00C04F79EFBC}") = "0002_TipoDados", "0002_TipoDados\0002_TipoDados.csproj", "{F91E9CC9-FA55-4FE6-9BBF-F20583956BFE}"
EndProject
Global
	GlobalSection(SolutionConfigurationPlatforms) = preSolution
		Debug|Any CPU = Debug|Any CPU
		Release|Any CPU = Release|Any CPU
	EndGlobalSection
	GlobalSection(ProjectConfigurationPlatforms) = postSolution
		{F91E9CC9-FA55-4FE6-9BBF-F20583956BFE}.Debug|Any CPU.ActiveCfg = Debug|Any CPU
		{F91E9CC9-FA55-4FE6-9BBF-F20583956BFE}.Debug|Any CPU.Build.0 = Debug|Any CPU
		{F91E9CC9-FA55-4FE6-9BBF-F20583956BFE}.Release|Any CPU.ActiveCfg = Release|Any CPU
		{F91E9CC9-FA55-4FE6-9BBF-F20583956BFE}.Release|Any CPU.Build.0 = Release|Any CPU
	EndGlobalSection
	GlobalSection(SolutionProperties) = preSolution
		HideSolutionNode = FALSE
	EndGlobalSection
	GlobalSection(ExtensibilityGlobals) = postSolution
		SolutionGuid = {89244317-DD39-4220-90C1-5F0DF7AF2003}
	EndGlobalSection
EndGlobal
