
Microsoft Visual Studio Solution File, Format Version 12.00
# Visual Studio Version 16
VisualStudioVersion = 16.0.29009.5
MinimumVisualStudioVersion = 10.0.40219.1
Project("{FAE04EC0-301F-11D3-BF4B-00C04F79EFBC}") = "0012_EstruturaCondicional", "0012_EstruturaCondicional\0012_EstruturaCondicional.csproj", "{4C4E1842-3530-4FFB-A33D-330DBB12F548}"
EndProject
Global
	GlobalSection(SolutionConfigurationPlatforms) = preSolution
		Debug|Any CPU = Debug|Any CPU
		Release|Any CPU = Release|Any CPU
	EndGlobalSection
	GlobalSection(ProjectConfigurationPlatforms) = postSolution
		{4C4E1842-3530-4FFB-A33D-330DBB12F548}.Debug|Any CPU.ActiveCfg = Debug|Any CPU
		{4C4E1842-3530-4FFB-A33D-330DBB12F548}.Debug|Any CPU.Build.0 = Debug|Any CPU
		{4C4E1842-3530-4FFB-A33D-330DBB12F548}.Release|Any CPU.ActiveCfg = Release|Any CPU
		{4C4E1842-3530-4FFB-A33D-330DBB12F548}.Release|Any CPU.Build.0 = Release|Any CPU
	EndGlobalSection
	GlobalSection(SolutionProperties) = preSolution
		HideSolutionNode = FALSE
	EndGlobalSection
	GlobalSection(ExtensibilityGlobals) = postSolution
		SolutionGuid = {BCD0B705-1089-4394-999B-97E8B45D186E}
	EndGlobalSection
EndGlobal
