
Microsoft Visual Studio Solution File, Format Version 12.00
# Visual Studio Version 16
VisualStudioVersion = 16.0.29215.179
MinimumVisualStudioVersion = 10.0.40219.1
Project("{FAE04EC0-301F-11D3-BF4B-00C04F79EFBC}") = "URI_Iniciante_1131_Grenais", "URI_Iniciante_1131_Grenais\URI_Iniciante_1131_Grenais.csproj", "{BD9793DB-664F-4978-923B-EC36836DF1A1}"
EndProject
Global
	GlobalSection(SolutionConfigurationPlatforms) = preSolution
		Debug|Any CPU = Debug|Any CPU
		Release|Any CPU = Release|Any CPU
	EndGlobalSection
	GlobalSection(ProjectConfigurationPlatforms) = postSolution
		{BD9793DB-664F-4978-923B-EC36836DF1A1}.Debug|Any CPU.ActiveCfg = Debug|Any CPU
		{BD9793DB-664F-4978-923B-EC36836DF1A1}.Debug|Any CPU.Build.0 = Debug|Any CPU
		{BD9793DB-664F-4978-923B-EC36836DF1A1}.Release|Any CPU.ActiveCfg = Release|Any CPU
		{BD9793DB-664F-4978-923B-EC36836DF1A1}.Release|Any CPU.Build.0 = Release|Any CPU
	EndGlobalSection
	GlobalSection(SolutionProperties) = preSolution
		HideSolutionNode = FALSE
	EndGlobalSection
	GlobalSection(ExtensibilityGlobals) = postSolution
		SolutionGuid = {3883571E-4D6F-41C7-8C24-71408B6E53E9}
	EndGlobalSection
EndGlobal
