
Microsoft Visual Studio Solution File, Format Version 12.00
# Visual Studio Version 16
VisualStudioVersion = 16.0.29025.244
MinimumVisualStudioVersion = 10.0.40219.1
Project("{FAE04EC0-301F-11D3-BF4B-00C04F79EFBC}") = "URI_Iniciante_1040_CoordenadasDeUmPonto", "URI_Iniciante_1040_CoordenadasDeUmPonto\URI_Iniciante_1040_CoordenadasDeUmPonto.csproj", "{9754197D-3B13-4A91-A06A-D1114EC584F5}"
EndProject
Global
	GlobalSection(SolutionConfigurationPlatforms) = preSolution
		Debug|Any CPU = Debug|Any CPU
		Release|Any CPU = Release|Any CPU
	EndGlobalSection
	GlobalSection(ProjectConfigurationPlatforms) = postSolution
		{9754197D-3B13-4A91-A06A-D1114EC584F5}.Debug|Any CPU.ActiveCfg = Debug|Any CPU
		{9754197D-3B13-4A91-A06A-D1114EC584F5}.Debug|Any CPU.Build.0 = Debug|Any CPU
		{9754197D-3B13-4A91-A06A-D1114EC584F5}.Release|Any CPU.ActiveCfg = Release|Any CPU
		{9754197D-3B13-4A91-A06A-D1114EC584F5}.Release|Any CPU.Build.0 = Release|Any CPU
	EndGlobalSection
	GlobalSection(SolutionProperties) = preSolution
		HideSolutionNode = FALSE
	EndGlobalSection
	GlobalSection(ExtensibilityGlobals) = postSolution
		SolutionGuid = {DF2856F9-6865-4035-95DD-F2939C267CC5}
	EndGlobalSection
EndGlobal
