
Microsoft Visual Studio Solution File, Format Version 12.00
# Visual Studio Version 16
VisualStudioVersion = 16.0.29102.190
MinimumVisualStudioVersion = 10.0.40219.1
Project("{FAE04EC0-301F-11D3-BF4B-00C04F79EFBC}") = "URI_Iniciante_1059_NumerosPares", "URI_Iniciante_1059_NumerosPares\URI_Iniciante_1059_NumerosPares.csproj", "{1278B19D-E698-4659-92F9-9858F463D16E}"
EndProject
Global
	GlobalSection(SolutionConfigurationPlatforms) = preSolution
		Debug|Any CPU = Debug|Any CPU
		Release|Any CPU = Release|Any CPU
	EndGlobalSection
	GlobalSection(ProjectConfigurationPlatforms) = postSolution
		{1278B19D-E698-4659-92F9-9858F463D16E}.Debug|Any CPU.ActiveCfg = Debug|Any CPU
		{1278B19D-E698-4659-92F9-9858F463D16E}.Debug|Any CPU.Build.0 = Debug|Any CPU
		{1278B19D-E698-4659-92F9-9858F463D16E}.Release|Any CPU.ActiveCfg = Release|Any CPU
		{1278B19D-E698-4659-92F9-9858F463D16E}.Release|Any CPU.Build.0 = Release|Any CPU
	EndGlobalSection
	GlobalSection(SolutionProperties) = preSolution
		HideSolutionNode = FALSE
	EndGlobalSection
	GlobalSection(ExtensibilityGlobals) = postSolution
		SolutionGuid = {DAB53A93-4278-4D0B-91F5-BDD0E03506A9}
	EndGlobalSection
EndGlobal
