
Microsoft Visual Studio Solution File, Format Version 12.00
# Visual Studio Version 16
VisualStudioVersion = 16.0.29025.244
MinimumVisualStudioVersion = 10.0.40219.1
Project("{FAE04EC0-301F-11D3-BF4B-00C04F79EFBC}") = "URI_Iniciante_1040_Media_3", "URI_Iniciante_1040_Media_3\URI_Iniciante_1040_Media_3.csproj", "{2793360A-5DBB-48DC-AB8B-6DD8591C8534}"
EndProject
Global
	GlobalSection(SolutionConfigurationPlatforms) = preSolution
		Debug|Any CPU = Debug|Any CPU
		Release|Any CPU = Release|Any CPU
	EndGlobalSection
	GlobalSection(ProjectConfigurationPlatforms) = postSolution
		{2793360A-5DBB-48DC-AB8B-6DD8591C8534}.Debug|Any CPU.ActiveCfg = Debug|Any CPU
		{2793360A-5DBB-48DC-AB8B-6DD8591C8534}.Debug|Any CPU.Build.0 = Debug|Any CPU
		{2793360A-5DBB-48DC-AB8B-6DD8591C8534}.Release|Any CPU.ActiveCfg = Release|Any CPU
		{2793360A-5DBB-48DC-AB8B-6DD8591C8534}.Release|Any CPU.Build.0 = Release|Any CPU
	EndGlobalSection
	GlobalSection(SolutionProperties) = preSolution
		HideSolutionNode = FALSE
	EndGlobalSection
	GlobalSection(ExtensibilityGlobals) = postSolution
		SolutionGuid = {F2E5310E-F6B5-4EA2-95DB-A19CE7F254C6}
	EndGlobalSection
EndGlobal
