
Microsoft Visual Studio Solution File, Format Version 12.00
# Visual Studio Version 16
VisualStudioVersion = 16.0.29025.244
MinimumVisualStudioVersion = 10.0.40219.1
Project("{FAE04EC0-301F-11D3-BF4B-00C04F79EFBC}") = "URI_Iniciante_1019_ConversaoDeTempo", "URI_Iniciante_1019_ConversaoDeTempo\URI_Iniciante_1019_ConversaoDeTempo.csproj", "{7737953F-FF19-4C77-B7EC-A854522B0A23}"
EndProject
Global
	GlobalSection(SolutionConfigurationPlatforms) = preSolution
		Debug|Any CPU = Debug|Any CPU
		Release|Any CPU = Release|Any CPU
	EndGlobalSection
	GlobalSection(ProjectConfigurationPlatforms) = postSolution
		{7737953F-FF19-4C77-B7EC-A854522B0A23}.Debug|Any CPU.ActiveCfg = Debug|Any CPU
		{7737953F-FF19-4C77-B7EC-A854522B0A23}.Debug|Any CPU.Build.0 = Debug|Any CPU
		{7737953F-FF19-4C77-B7EC-A854522B0A23}.Release|Any CPU.ActiveCfg = Release|Any CPU
		{7737953F-FF19-4C77-B7EC-A854522B0A23}.Release|Any CPU.Build.0 = Release|Any CPU
	EndGlobalSection
	GlobalSection(SolutionProperties) = preSolution
		HideSolutionNode = FALSE
	EndGlobalSection
	GlobalSection(ExtensibilityGlobals) = postSolution
		SolutionGuid = {F2BD4CF0-6646-4BB6-BCDA-C2574227DA63}
	EndGlobalSection
EndGlobal
