
Microsoft Visual Studio Solution File, Format Version 12.00
# Visual Studio Version 16
VisualStudioVersion = 16.0.29020.237
MinimumVisualStudioVersion = 10.0.40219.1
Project("{FAE04EC0-301F-11D3-BF4B-00C04F79EFBC}") = "0029_QuadranteXeY", "0029_QuadranteXeY\0029_QuadranteXeY.csproj", "{335C4425-3AB1-47F0-B193-BEB4D310E19C}"
EndProject
Global
	GlobalSection(SolutionConfigurationPlatforms) = preSolution
		Debug|Any CPU = Debug|Any CPU
		Release|Any CPU = Release|Any CPU
	EndGlobalSection
	GlobalSection(ProjectConfigurationPlatforms) = postSolution
		{335C4425-3AB1-47F0-B193-BEB4D310E19C}.Debug|Any CPU.ActiveCfg = Debug|Any CPU
		{335C4425-3AB1-47F0-B193-BEB4D310E19C}.Debug|Any CPU.Build.0 = Debug|Any CPU
		{335C4425-3AB1-47F0-B193-BEB4D310E19C}.Release|Any CPU.ActiveCfg = Release|Any CPU
		{335C4425-3AB1-47F0-B193-BEB4D310E19C}.Release|Any CPU.Build.0 = Release|Any CPU
	EndGlobalSection
	GlobalSection(SolutionProperties) = preSolution
		HideSolutionNode = FALSE
	EndGlobalSection
	GlobalSection(ExtensibilityGlobals) = postSolution
		SolutionGuid = {BBAA4FC2-C71F-4AE9-BC95-D4EC4C5FBD3B}
	EndGlobalSection
EndGlobal
