
Microsoft Visual Studio Solution File, Format Version 12.00
# Visual Studio Version 16
VisualStudioVersion = 16.0.29020.237
MinimumVisualStudioVersion = 10.0.40219.1
Project("{FAE04EC0-301F-11D3-BF4B-00C04F79EFBC}") = "0021_CalculaPeca", "0021_CalculaPeca\0021_CalculaPeca.csproj", "{938C7F0A-3DBE-40CA-AFC5-20B66807015E}"
EndProject
Global
	GlobalSection(SolutionConfigurationPlatforms) = preSolution
		Debug|Any CPU = Debug|Any CPU
		Release|Any CPU = Release|Any CPU
	EndGlobalSection
	GlobalSection(ProjectConfigurationPlatforms) = postSolution
		{938C7F0A-3DBE-40CA-AFC5-20B66807015E}.Debug|Any CPU.ActiveCfg = Debug|Any CPU
		{938C7F0A-3DBE-40CA-AFC5-20B66807015E}.Debug|Any CPU.Build.0 = Debug|Any CPU
		{938C7F0A-3DBE-40CA-AFC5-20B66807015E}.Release|Any CPU.ActiveCfg = Release|Any CPU
		{938C7F0A-3DBE-40CA-AFC5-20B66807015E}.Release|Any CPU.Build.0 = Release|Any CPU
	EndGlobalSection
	GlobalSection(SolutionProperties) = preSolution
		HideSolutionNode = FALSE
	EndGlobalSection
	GlobalSection(ExtensibilityGlobals) = postSolution
		SolutionGuid = {5EF1431F-7293-474B-909D-C43CC9A06C4B}
	EndGlobalSection
EndGlobal
