
Microsoft Visual Studio Solution File, Format Version 12.00
# Visual Studio Version 16
VisualStudioVersion = 16.0.29020.237
MinimumVisualStudioVersion = 10.0.40219.1
Project("{FAE04EC0-301F-11D3-BF4B-00C04F79EFBC}") = "0031_SenhaCorreta", "0031_SenhaCorreta\0031_SenhaCorreta.csproj", "{982B2DB2-0328-4E8A-9EC9-472446B94E1A}"
EndProject
Global
	GlobalSection(SolutionConfigurationPlatforms) = preSolution
		Debug|Any CPU = Debug|Any CPU
		Release|Any CPU = Release|Any CPU
	EndGlobalSection
	GlobalSection(ProjectConfigurationPlatforms) = postSolution
		{982B2DB2-0328-4E8A-9EC9-472446B94E1A}.Debug|Any CPU.ActiveCfg = Debug|Any CPU
		{982B2DB2-0328-4E8A-9EC9-472446B94E1A}.Debug|Any CPU.Build.0 = Debug|Any CPU
		{982B2DB2-0328-4E8A-9EC9-472446B94E1A}.Release|Any CPU.ActiveCfg = Release|Any CPU
		{982B2DB2-0328-4E8A-9EC9-472446B94E1A}.Release|Any CPU.Build.0 = Release|Any CPU
	EndGlobalSection
	GlobalSection(SolutionProperties) = preSolution
		HideSolutionNode = FALSE
	EndGlobalSection
	GlobalSection(ExtensibilityGlobals) = postSolution
		SolutionGuid = {65587B28-170F-4698-B2DF-F72CF5CB8B03}
	EndGlobalSection
EndGlobal
