
Microsoft Visual Studio Solution File, Format Version 12.00
# Visual Studio Version 16
VisualStudioVersion = 16.0.29102.190
MinimumVisualStudioVersion = 10.0.40219.1
Project("{FAE04EC0-301F-11D3-BF4B-00C04F79EFBC}") = "URI_Iniciante_1049_Animal", "URI_Iniciante_1049_Animal\URI_Iniciante_1049_Animal.csproj", "{B21E9A66-1345-4EA9-BB23-31295322A18D}"
EndProject
Global
	GlobalSection(SolutionConfigurationPlatforms) = preSolution
		Debug|Any CPU = Debug|Any CPU
		Release|Any CPU = Release|Any CPU
	EndGlobalSection
	GlobalSection(ProjectConfigurationPlatforms) = postSolution
		{B21E9A66-1345-4EA9-BB23-31295322A18D}.Debug|Any CPU.ActiveCfg = Debug|Any CPU
		{B21E9A66-1345-4EA9-BB23-31295322A18D}.Debug|Any CPU.Build.0 = Debug|Any CPU
		{B21E9A66-1345-4EA9-BB23-31295322A18D}.Release|Any CPU.ActiveCfg = Release|Any CPU
		{B21E9A66-1345-4EA9-BB23-31295322A18D}.Release|Any CPU.Build.0 = Release|Any CPU
	EndGlobalSection
	GlobalSection(SolutionProperties) = preSolution
		HideSolutionNode = FALSE
	EndGlobalSection
	GlobalSection(ExtensibilityGlobals) = postSolution
		SolutionGuid = {1CEC8506-83A7-47C2-8889-0F3DFB38019B}
	EndGlobalSection
EndGlobal
