
Microsoft Visual Studio Solution File, Format Version 12.00
# Visual Studio Version 16
VisualStudioVersion = 16.0.29009.5
MinimumVisualStudioVersion = 10.0.40219.1
Project("{FAE04EC0-301F-11D3-BF4B-00C04F79EFBC}") = "0006_OperadoresAtribuicao", "0006_OperadoresAtribuicao\0006_OperadoresAtribuicao.csproj", "{A42BD2A6-774F-4296-A01C-E1AC05A8CC2F}"
EndProject
Global
	GlobalSection(SolutionConfigurationPlatforms) = preSolution
		Debug|Any CPU = Debug|Any CPU
		Release|Any CPU = Release|Any CPU
	EndGlobalSection
	GlobalSection(ProjectConfigurationPlatforms) = postSolution
		{A42BD2A6-774F-4296-A01C-E1AC05A8CC2F}.Debug|Any CPU.ActiveCfg = Debug|Any CPU
		{A42BD2A6-774F-4296-A01C-E1AC05A8CC2F}.Debug|Any CPU.Build.0 = Debug|Any CPU
		{A42BD2A6-774F-4296-A01C-E1AC05A8CC2F}.Release|Any CPU.ActiveCfg = Release|Any CPU
		{A42BD2A6-774F-4296-A01C-E1AC05A8CC2F}.Release|Any CPU.Build.0 = Release|Any CPU
	EndGlobalSection
	GlobalSection(SolutionProperties) = preSolution
		HideSolutionNode = FALSE
	EndGlobalSection
	GlobalSection(ExtensibilityGlobals) = postSolution
		SolutionGuid = {A7137686-F32F-48F5-827A-F27917471AFC}
	EndGlobalSection
EndGlobal
