
Microsoft Visual Studio Solution File, Format Version 12.00
# Visual Studio Version 16
VisualStudioVersion = 16.0.29102.190
MinimumVisualStudioVersion = 10.0.40219.1
Project("{FAE04EC0-301F-11D3-BF4B-00C04F79EFBC}") = "0058_CalculadoraSoma", "0058_CalculadoraSoma\0058_CalculadoraSoma.csproj", "{CBAD61A7-7D81-44B8-AA71-D1683ECA808F}"
EndProject
Global
	GlobalSection(SolutionConfigurationPlatforms) = preSolution
		Debug|Any CPU = Debug|Any CPU
		Release|Any CPU = Release|Any CPU
	EndGlobalSection
	GlobalSection(ProjectConfigurationPlatforms) = postSolution
		{CBAD61A7-7D81-44B8-AA71-D1683ECA808F}.Debug|Any CPU.ActiveCfg = Debug|Any CPU
		{CBAD61A7-7D81-44B8-AA71-D1683ECA808F}.Debug|Any CPU.Build.0 = Debug|Any CPU
		{CBAD61A7-7D81-44B8-AA71-D1683ECA808F}.Release|Any CPU.ActiveCfg = Release|Any CPU
		{CBAD61A7-7D81-44B8-AA71-D1683ECA808F}.Release|Any CPU.Build.0 = Release|Any CPU
	EndGlobalSection
	GlobalSection(SolutionProperties) = preSolution
		HideSolutionNode = FALSE
	EndGlobalSection
	GlobalSection(ExtensibilityGlobals) = postSolution
		SolutionGuid = {D9E306B5-FD0A-42D3-A072-5CED5840A097}
	EndGlobalSection
EndGlobal
