
Microsoft Visual Studio Solution File, Format Version 12.00
# Visual Studio Version 16
VisualStudioVersion = 16.0.29123.88
MinimumVisualStudioVersion = 10.0.40219.1
Project("{FAE04EC0-301F-11D3-BF4B-00C04F79EFBC}") = "URI_Iniciante_1134_TipoDeCombustivel", "URI_Iniciante_1134_TipoDeCombustivel\URI_Iniciante_1134_TipoDeCombustivel.csproj", "{CE958248-9819-4619-9CEB-90ADA7DCF866}"
EndProject
Global
	GlobalSection(SolutionConfigurationPlatforms) = preSolution
		Debug|Any CPU = Debug|Any CPU
		Release|Any CPU = Release|Any CPU
	EndGlobalSection
	GlobalSection(ProjectConfigurationPlatforms) = postSolution
		{CE958248-9819-4619-9CEB-90ADA7DCF866}.Debug|Any CPU.ActiveCfg = Debug|Any CPU
		{CE958248-9819-4619-9CEB-90ADA7DCF866}.Debug|Any CPU.Build.0 = Debug|Any CPU
		{CE958248-9819-4619-9CEB-90ADA7DCF866}.Release|Any CPU.ActiveCfg = Release|Any CPU
		{CE958248-9819-4619-9CEB-90ADA7DCF866}.Release|Any CPU.Build.0 = Release|Any CPU
	EndGlobalSection
	GlobalSection(SolutionProperties) = preSolution
		HideSolutionNode = FALSE
	EndGlobalSection
	GlobalSection(ExtensibilityGlobals) = postSolution
		SolutionGuid = {116F5AED-1751-40F2-9578-E2185DFEF9AC}
	EndGlobalSection
EndGlobal
