
Microsoft Visual Studio Solution File, Format Version 12.00
# Visual Studio Version 16
VisualStudioVersion = 16.0.29102.190
MinimumVisualStudioVersion = 10.0.40219.1
Project("{FAE04EC0-301F-11D3-BF4B-00C04F79EFBC}") = "URI_Iniciante_1066_ParesImparesPositivosNegativos", "URI_Iniciante_1066_ParesImparesPositivosNegativos\URI_Iniciante_1066_ParesImparesPositivosNegativos.csproj", "{72607444-12AB-43C7-B66D-E49F5838BF65}"
EndProject
Global
	GlobalSection(SolutionConfigurationPlatforms) = preSolution
		Debug|Any CPU = Debug|Any CPU
		Release|Any CPU = Release|Any CPU
	EndGlobalSection
	GlobalSection(ProjectConfigurationPlatforms) = postSolution
		{72607444-12AB-43C7-B66D-E49F5838BF65}.Debug|Any CPU.ActiveCfg = Debug|Any CPU
		{72607444-12AB-43C7-B66D-E49F5838BF65}.Debug|Any CPU.Build.0 = Debug|Any CPU
		{72607444-12AB-43C7-B66D-E49F5838BF65}.Release|Any CPU.ActiveCfg = Release|Any CPU
		{72607444-12AB-43C7-B66D-E49F5838BF65}.Release|Any CPU.Build.0 = Release|Any CPU
	EndGlobalSection
	GlobalSection(SolutionProperties) = preSolution
		HideSolutionNode = FALSE
	EndGlobalSection
	GlobalSection(ExtensibilityGlobals) = postSolution
		SolutionGuid = {3E9CCB49-9A47-4515-AFD0-3AC84C7A5D8F}
	EndGlobalSection
EndGlobal
