
Microsoft Visual Studio Solution File, Format Version 12.00
# Visual Studio Version 16
VisualStudioVersion = 16.0.29102.190
MinimumVisualStudioVersion = 10.0.40219.1
Project("{FAE04EC0-301F-11D3-BF4B-00C04F79EFBC}") = "URI_Iniciante_1047_TempoDeJogoComMinutos", "URI_Iniciante_1047_TempoDeJogoComMinutos\URI_Iniciante_1047_TempoDeJogoComMinutos.csproj", "{7907C6BB-7FC0-4232-9B59-4D046357C993}"
EndProject
Global
	GlobalSection(SolutionConfigurationPlatforms) = preSolution
		Debug|Any CPU = Debug|Any CPU
		Release|Any CPU = Release|Any CPU
	EndGlobalSection
	GlobalSection(ProjectConfigurationPlatforms) = postSolution
		{7907C6BB-7FC0-4232-9B59-4D046357C993}.Debug|Any CPU.ActiveCfg = Debug|Any CPU
		{7907C6BB-7FC0-4232-9B59-4D046357C993}.Debug|Any CPU.Build.0 = Debug|Any CPU
		{7907C6BB-7FC0-4232-9B59-4D046357C993}.Release|Any CPU.ActiveCfg = Release|Any CPU
		{7907C6BB-7FC0-4232-9B59-4D046357C993}.Release|Any CPU.Build.0 = Release|Any CPU
	EndGlobalSection
	GlobalSection(SolutionProperties) = preSolution
		HideSolutionNode = FALSE
	EndGlobalSection
	GlobalSection(ExtensibilityGlobals) = postSolution
		SolutionGuid = {87869BEB-B909-4264-9910-E6A9C1FD9670}
	EndGlobalSection
EndGlobal
