
Microsoft Visual Studio Solution File, Format Version 12.00
# Visual Studio Version 16
VisualStudioVersion = 16.0.29020.237
MinimumVisualStudioVersion = 10.0.40219.1
Project("{FAE04EC0-301F-11D3-BF4B-00C04F79EFBC}") = "0028_InvervaloNumeros", "0028_InvervaloNumeros\0028_InvervaloNumeros.csproj", "{49F4A63E-9263-47DB-9DB6-27E294167199}"
EndProject
Global
	GlobalSection(SolutionConfigurationPlatforms) = preSolution
		Debug|Any CPU = Debug|Any CPU
		Release|Any CPU = Release|Any CPU
	EndGlobalSection
	GlobalSection(ProjectConfigurationPlatforms) = postSolution
		{49F4A63E-9263-47DB-9DB6-27E294167199}.Debug|Any CPU.ActiveCfg = Debug|Any CPU
		{49F4A63E-9263-47DB-9DB6-27E294167199}.Debug|Any CPU.Build.0 = Debug|Any CPU
		{49F4A63E-9263-47DB-9DB6-27E294167199}.Release|Any CPU.ActiveCfg = Release|Any CPU
		{49F4A63E-9263-47DB-9DB6-27E294167199}.Release|Any CPU.Build.0 = Release|Any CPU
	EndGlobalSection
	GlobalSection(SolutionProperties) = preSolution
		HideSolutionNode = FALSE
	EndGlobalSection
	GlobalSection(ExtensibilityGlobals) = postSolution
		SolutionGuid = {40662A9C-6CEF-46DB-8631-7E8D58BC724B}
	EndGlobalSection
EndGlobal
