
Microsoft Visual Studio Solution File, Format Version 12.00
# Visual Studio Version 16
VisualStudioVersion = 16.0.29102.190
MinimumVisualStudioVersion = 10.0.40219.1
Project("{FAE04EC0-301F-11D3-BF4B-00C04F79EFBC}") = "0061_MatrizExemplo1", "0061_MatrizExemplo1\0061_MatrizExemplo1.csproj", "{85961587-6EC1-40BB-9A86-21BC15EAA913}"
EndProject
Global
	GlobalSection(SolutionConfigurationPlatforms) = preSolution
		Debug|Any CPU = Debug|Any CPU
		Release|Any CPU = Release|Any CPU
	EndGlobalSection
	GlobalSection(ProjectConfigurationPlatforms) = postSolution
		{85961587-6EC1-40BB-9A86-21BC15EAA913}.Debug|Any CPU.ActiveCfg = Debug|Any CPU
		{85961587-6EC1-40BB-9A86-21BC15EAA913}.Debug|Any CPU.Build.0 = Debug|Any CPU
		{85961587-6EC1-40BB-9A86-21BC15EAA913}.Release|Any CPU.ActiveCfg = Release|Any CPU
		{85961587-6EC1-40BB-9A86-21BC15EAA913}.Release|Any CPU.Build.0 = Release|Any CPU
	EndGlobalSection
	GlobalSection(SolutionProperties) = preSolution
		HideSolutionNode = FALSE
	EndGlobalSection
	GlobalSection(ExtensibilityGlobals) = postSolution
		SolutionGuid = {5466F42A-10B7-4516-BE89-4806B414E73D}
	EndGlobalSection
EndGlobal
