
Microsoft Visual Studio Solution File, Format Version 12.00
# Visual Studio Version 16
VisualStudioVersion = 16.0.29025.244
MinimumVisualStudioVersion = 10.0.40219.1
Project("{FAE04EC0-301F-11D3-BF4B-00C04F79EFBC}") = "0048_ClasseAluno", "0048_ClasseAluno\0048_ClasseAluno.csproj", "{C6B1F2CC-CE67-498D-9EA5-C8B0B4FA9809}"
EndProject
Global
	GlobalSection(SolutionConfigurationPlatforms) = preSolution
		Debug|Any CPU = Debug|Any CPU
		Release|Any CPU = Release|Any CPU
	EndGlobalSection
	GlobalSection(ProjectConfigurationPlatforms) = postSolution
		{C6B1F2CC-CE67-498D-9EA5-C8B0B4FA9809}.Debug|Any CPU.ActiveCfg = Debug|Any CPU
		{C6B1F2CC-CE67-498D-9EA5-C8B0B4FA9809}.Debug|Any CPU.Build.0 = Debug|Any CPU
		{C6B1F2CC-CE67-498D-9EA5-C8B0B4FA9809}.Release|Any CPU.ActiveCfg = Release|Any CPU
		{C6B1F2CC-CE67-498D-9EA5-C8B0B4FA9809}.Release|Any CPU.Build.0 = Release|Any CPU
	EndGlobalSection
	GlobalSection(SolutionProperties) = preSolution
		HideSolutionNode = FALSE
	EndGlobalSection
	GlobalSection(ExtensibilityGlobals) = postSolution
		SolutionGuid = {600EFD9D-3B11-45A6-B996-540B12D71DD9}
	EndGlobalSection
EndGlobal
