
Microsoft Visual Studio Solution File, Format Version 12.00
# Visual Studio Version 16
VisualStudioVersion = 16.0.29020.237
MinimumVisualStudioVersion = 10.0.40219.1
Project("{FAE04EC0-301F-11D3-BF4B-00C04F79EFBC}") = "URI_Iniciante_1007_Diferenca", "URI_Iniciante_1007_Diferenca\URI_Iniciante_1007_Diferenca.csproj", "{55DA128B-1328-4CA1-8BF0-67BFE4AD8605}"
EndProject
Global
	GlobalSection(SolutionConfigurationPlatforms) = preSolution
		Debug|Any CPU = Debug|Any CPU
		Release|Any CPU = Release|Any CPU
	EndGlobalSection
	GlobalSection(ProjectConfigurationPlatforms) = postSolution
		{55DA128B-1328-4CA1-8BF0-67BFE4AD8605}.Debug|Any CPU.ActiveCfg = Debug|Any CPU
		{55DA128B-1328-4CA1-8BF0-67BFE4AD8605}.Debug|Any CPU.Build.0 = Debug|Any CPU
		{55DA128B-1328-4CA1-8BF0-67BFE4AD8605}.Release|Any CPU.ActiveCfg = Release|Any CPU
		{55DA128B-1328-4CA1-8BF0-67BFE4AD8605}.Release|Any CPU.Build.0 = Release|Any CPU
	EndGlobalSection
	GlobalSection(SolutionProperties) = preSolution
		HideSolutionNode = FALSE
	EndGlobalSection
	GlobalSection(ExtensibilityGlobals) = postSolution
		SolutionGuid = {E9668467-C402-4A5E-A0AC-AD8FFA56BE22}
	EndGlobalSection
EndGlobal
