
Microsoft Visual Studio Solution File, Format Version 12.00
# Visual Studio Version 16
VisualStudioVersion = 16.0.29102.190
MinimumVisualStudioVersion = 10.0.40219.1
Project("{FAE04EC0-301F-11D3-BF4B-00C04F79EFBC}") = "URI_Iniciante_1173_PreenchimentoDeVetor1", "URI_Iniciante_1173_PreenchimentoDeVetor1\URI_Iniciante_1173_PreenchimentoDeVetor1.csproj", "{23551FBC-BDD3-4AA0-B24B-3E73F4715158}"
EndProject
Global
	GlobalSection(SolutionConfigurationPlatforms) = preSolution
		Debug|Any CPU = Debug|Any CPU
		Release|Any CPU = Release|Any CPU
	EndGlobalSection
	GlobalSection(ProjectConfigurationPlatforms) = postSolution
		{23551FBC-BDD3-4AA0-B24B-3E73F4715158}.Debug|Any CPU.ActiveCfg = Debug|Any CPU
		{23551FBC-BDD3-4AA0-B24B-3E73F4715158}.Debug|Any CPU.Build.0 = Debug|Any CPU
		{23551FBC-BDD3-4AA0-B24B-3E73F4715158}.Release|Any CPU.ActiveCfg = Release|Any CPU
		{23551FBC-BDD3-4AA0-B24B-3E73F4715158}.Release|Any CPU.Build.0 = Release|Any CPU
	EndGlobalSection
	GlobalSection(SolutionProperties) = preSolution
		HideSolutionNode = FALSE
	EndGlobalSection
	GlobalSection(ExtensibilityGlobals) = postSolution
		SolutionGuid = {7610D4F8-2E8C-45D3-901A-FF1786E6501D}
	EndGlobalSection
EndGlobal
