
Microsoft Visual Studio Solution File, Format Version 12.00
# Visual Studio Version 16
VisualStudioVersion = 16.0.29020.237
MinimumVisualStudioVersion = 10.0.40219.1
Project("{FAE04EC0-301F-11D3-BF4B-00C04F79EFBC}") = "URI_Iniciante_1003_SomaSimples", "URI_Iniciante_1003_SomaSimples\URI_Iniciante_1003_SomaSimples.csproj", "{0C5D6A25-08E0-472E-875D-1A5E8B8A00EF}"
EndProject
Global
	GlobalSection(SolutionConfigurationPlatforms) = preSolution
		Debug|Any CPU = Debug|Any CPU
		Release|Any CPU = Release|Any CPU
	EndGlobalSection
	GlobalSection(ProjectConfigurationPlatforms) = postSolution
		{0C5D6A25-08E0-472E-875D-1A5E8B8A00EF}.Debug|Any CPU.ActiveCfg = Debug|Any CPU
		{0C5D6A25-08E0-472E-875D-1A5E8B8A00EF}.Debug|Any CPU.Build.0 = Debug|Any CPU
		{0C5D6A25-08E0-472E-875D-1A5E8B8A00EF}.Release|Any CPU.ActiveCfg = Release|Any CPU
		{0C5D6A25-08E0-472E-875D-1A5E8B8A00EF}.Release|Any CPU.Build.0 = Release|Any CPU
	EndGlobalSection
	GlobalSection(SolutionProperties) = preSolution
		HideSolutionNode = FALSE
	EndGlobalSection
	GlobalSection(ExtensibilityGlobals) = postSolution
		SolutionGuid = {E16E6B83-C1CF-4EAC-B403-7FBC7E932CB0}
	EndGlobalSection
EndGlobal
