
Microsoft Visual Studio Solution File, Format Version 12.00
# Visual Studio Version 16
VisualStudioVersion = 16.0.29025.244
MinimumVisualStudioVersion = 10.0.40219.1
Project("{FAE04EC0-301F-11D3-BF4B-00C04F79EFBC}") = "URI_Iniciante_1037_Intervalo", "URI_Iniciante_1037_Intervalo\URI_Iniciante_1037_Intervalo.csproj", "{869DB37C-A84D-4598-86A4-60CBB9DE2FAB}"
EndProject
Global
	GlobalSection(SolutionConfigurationPlatforms) = preSolution
		Debug|Any CPU = Debug|Any CPU
		Release|Any CPU = Release|Any CPU
	EndGlobalSection
	GlobalSection(ProjectConfigurationPlatforms) = postSolution
		{869DB37C-A84D-4598-86A4-60CBB9DE2FAB}.Debug|Any CPU.ActiveCfg = Debug|Any CPU
		{869DB37C-A84D-4598-86A4-60CBB9DE2FAB}.Debug|Any CPU.Build.0 = Debug|Any CPU
		{869DB37C-A84D-4598-86A4-60CBB9DE2FAB}.Release|Any CPU.ActiveCfg = Release|Any CPU
		{869DB37C-A84D-4598-86A4-60CBB9DE2FAB}.Release|Any CPU.Build.0 = Release|Any CPU
	EndGlobalSection
	GlobalSection(SolutionProperties) = preSolution
		HideSolutionNode = FALSE
	EndGlobalSection
	GlobalSection(ExtensibilityGlobals) = postSolution
		SolutionGuid = {A974FDC2-C755-4AD7-B434-16EC3A71AEC0}
	EndGlobalSection
EndGlobal
