
Microsoft Visual Studio Solution File, Format Version 12.00
# Visual Studio Version 16
VisualStudioVersion = 16.0.29215.179
MinimumVisualStudioVersion = 10.0.40219.1
Project("{FAE04EC0-301F-11D3-BF4B-00C04F79EFBC}") = "0074_DateTime", "0074_DateTime\0074_DateTime.csproj", "{4554EC92-E7F1-4125-A453-2BA690D61DF7}"
EndProject
Global
	GlobalSection(SolutionConfigurationPlatforms) = preSolution
		Debug|Any CPU = Debug|Any CPU
		Release|Any CPU = Release|Any CPU
	EndGlobalSection
	GlobalSection(ProjectConfigurationPlatforms) = postSolution
		{4554EC92-E7F1-4125-A453-2BA690D61DF7}.Debug|Any CPU.ActiveCfg = Debug|Any CPU
		{4554EC92-E7F1-4125-A453-2BA690D61DF7}.Debug|Any CPU.Build.0 = Debug|Any CPU
		{4554EC92-E7F1-4125-A453-2BA690D61DF7}.Release|Any CPU.ActiveCfg = Release|Any CPU
		{4554EC92-E7F1-4125-A453-2BA690D61DF7}.Release|Any CPU.Build.0 = Release|Any CPU
	EndGlobalSection
	GlobalSection(SolutionProperties) = preSolution
		HideSolutionNode = FALSE
	EndGlobalSection
	GlobalSection(ExtensibilityGlobals) = postSolution
		SolutionGuid = {E5688D63-2A30-45A8-8E6B-DFA0F323E856}
	EndGlobalSection
EndGlobal
